
Microsoft Visual Studio Solution File, Format Version 12.00
# Visual Studio Version 17
VisualStudioVersion = 17.6.33829.357
MinimumVisualStudioVersion = 10.0.40219.1
Project("{FAE04EC0-301F-11D3-BF4B-00C04F79EFBC}") = "REST-api", "REST-api\REST-api.csproj", "{3BC0F8E9-5310-494B-9704-048DF3C6A4EB}"
EndProject
Global
	GlobalSection(SolutionConfigurationPlatforms) = preSolution
		Debug|Any CPU = Debug|Any CPU
		Release|Any CPU = Release|Any CPU
	EndGlobalSection
	GlobalSection(ProjectConfigurationPlatforms) = postSolution
		{3BC0F8E9-5310-494B-9704-048DF3C6A4EB}.Debug|Any CPU.ActiveCfg = Debug|Any CPU
		{3BC0F8E9-5310-494B-9704-048DF3C6A4EB}.Debug|Any CPU.Build.0 = Debug|Any CPU
		{3BC0F8E9-5310-494B-9704-048DF3C6A4EB}.Release|Any CPU.ActiveCfg = Release|Any CPU
		{3BC0F8E9-5310-494B-9704-048DF3C6A4EB}.Release|Any CPU.Build.0 = Release|Any CPU
	EndGlobalSection
	GlobalSection(SolutionProperties) = preSolution
		HideSolutionNode = FALSE
	EndGlobalSection
	GlobalSection(ExtensibilityGlobals) = postSolution
		SolutionGuid = {CEFEAF4F-8E58-4AEC-901B-A4CB029E925A}
	EndGlobalSection
EndGlobal
